// !$*UTF8*$!
{
	archiveVersion = 1;
	classes = {
	};
	objectVersion = 55;
	objects = {

/* Begin PBXBuildFile section */
		296074B3277EA05100933CCE /* MessageKit in Frameworks */ = {isa = PBXBuildFile; productRef = 296074B2277EA05100933CCE /* MessageKit */; };
		296074B6277F48CD00933CCE /* JGProgressHUD in Frameworks */ = {isa = PBXBuildFile; productRef = 296074B5277F48CD00933CCE /* JGProgressHUD */; };
		296074B9277F5B1300933CCE /* SDWebImage in Frameworks */ = {isa = PBXBuildFile; productRef = 296074B8277F5B1300933CCE /* SDWebImage */; };
		296074BB277F618F00933CCE /* ChatViewController.swift in Sources */ = {isa = PBXBuildFile; fileRef = 296074BA277F618E00933CCE /* ChatViewController.swift */; };
		296074BD277F96B800933CCE /* StorageManager.swift in Sources */ = {isa = PBXBuildFile; fileRef = 296074BC277F96B800933CCE /* StorageManager.swift */; };
		297BFE332782141F008F4E08 /* ConversationTableViewCell.swift in Sources */ = {isa = PBXBuildFile; fileRef = 297BFE322782141F008F4E08 /* ConversationTableViewCell.swift */; };
		29A24F38277C8601009D31E3 /* AppDelegate.swift in Sources */ = {isa = PBXBuildFile; fileRef = 29A24F37277C8601009D31E3 /* AppDelegate.swift */; };
		29A24F3A277C8601009D31E3 /* SceneDelegate.swift in Sources */ = {isa = PBXBuildFile; fileRef = 29A24F39277C8601009D31E3 /* SceneDelegate.swift */; };
		29A24F3F277C8601009D31E3 /* Main.storyboard in Resources */ = {isa = PBXBuildFile; fileRef = 29A24F3D277C8601009D31E3 /* Main.storyboard */; };
		29A24F42277C8601009D31E3 /* Messenger.xcdatamodeld in Sources */ = {isa = PBXBuildFile; fileRef = 29A24F40277C8601009D31E3 /* Messenger.xcdatamodeld */; };
		29A24F44277C8603009D31E3 /* Assets.xcassets in Resources */ = {isa = PBXBuildFile; fileRef = 29A24F43277C8603009D31E3 /* Assets.xcassets */; };
		29A24F47277C8603009D31E3 /* LaunchScreen.storyboard in Resources */ = {isa = PBXBuildFile; fileRef = 29A24F45277C8603009D31E3 /* LaunchScreen.storyboard */; };
		29A24F50277C86CC009D31E3 /* FirebaseAnalytics in Frameworks */ = {isa = PBXBuildFile; productRef = 29A24F4F277C86CC009D31E3 /* FirebaseAnalytics */; };
		29A24F52277C86CC009D31E3 /* FirebaseAuth in Frameworks */ = {isa = PBXBuildFile; productRef = 29A24F51277C86CC009D31E3 /* FirebaseAuth */; };
		29A24F54277C86CC009D31E3 /* FirebaseDatabase in Frameworks */ = {isa = PBXBuildFile; productRef = 29A24F53277C86CC009D31E3 /* FirebaseDatabase */; };
		29A24F56277C86CC009D31E3 /* FirebaseStorage in Frameworks */ = {isa = PBXBuildFile; productRef = 29A24F55277C86CC009D31E3 /* FirebaseStorage */; };
		29A24F5E277C8AD6009D31E3 /* ConversationViewController.swift in Sources */ = {isa = PBXBuildFile; fileRef = 29A24F5D277C8AD6009D31E3 /* ConversationViewController.swift */; };
		29A24F60277C8AFE009D31E3 /* LoginViewController.swift in Sources */ = {isa = PBXBuildFile; fileRef = 29A24F5F277C8AFE009D31E3 /* LoginViewController.swift */; };
		29A24F62277C8B19009D31E3 /* RegisterViewController.swift in Sources */ = {isa = PBXBuildFile; fileRef = 29A24F61277C8B19009D31E3 /* RegisterViewController.swift */; };
		29A24F64277C8B3F009D31E3 /* NewConversationViewController.swift in Sources */ = {isa = PBXBuildFile; fileRef = 29A24F63277C8B3F009D31E3 /* NewConversationViewController.swift */; };
		29A24F66277C8B7B009D31E3 /* ProfileViewController.swift in Sources */ = {isa = PBXBuildFile; fileRef = 29A24F65277C8B7B009D31E3 /* ProfileViewController.swift */; };
		29A24F68277C8C79009D31E3 /* GoogleService-Info-2.plist in Resources */ = {isa = PBXBuildFile; fileRef = 29A24F67277C8C79009D31E3 /* GoogleService-Info-2.plist */; };
		29A24F6A277C9789009D31E3 /* GoogleService-Info.plist in Resources */ = {isa = PBXBuildFile; fileRef = 29A24F69277C9789009D31E3 /* GoogleService-Info.plist */; };
		29A24F6C277C9FEB009D31E3 /* PhotoViewerViewController.swift in Sources */ = {isa = PBXBuildFile; fileRef = 29A24F6B277C9FEB009D31E3 /* PhotoViewerViewController.swift */; };
		29A24F6E277CA01E009D31E3 /* VideoPlayerViewController.swift in Sources */ = {isa = PBXBuildFile; fileRef = 29A24F6D277CA01E009D31E3 /* VideoPlayerViewController.swift */; };
		29A24F71277CAD1C009D31E3 /* Extensions.swift in Sources */ = {isa = PBXBuildFile; fileRef = 29A24F70277CAD1C009D31E3 /* Extensions.swift */; };
		29A24F9B277DD7C7009D31E3 /* DatabaseManager.swift in Sources */ = {isa = PBXBuildFile; fileRef = 29A24F9A277DD7C7009D31E3 /* DatabaseManager.swift */; };
/* End PBXBuildFile section */

/* Begin PBXFileReference section */
		296074BA277F618E00933CCE /* ChatViewController.swift */ = {isa = PBXFileReference; lastKnownFileType = sourcecode.swift; path = ChatViewController.swift; sourceTree = "<group>"; };
		296074BC277F96B800933CCE /* StorageManager.swift */ = {isa = PBXFileReference; lastKnownFileType = sourcecode.swift; path = StorageManager.swift; sourceTree = "<group>"; };
		297BFE322782141F008F4E08 /* ConversationTableViewCell.swift */ = {isa = PBXFileReference; lastKnownFileType = sourcecode.swift; path = ConversationTableViewCell.swift; sourceTree = "<group>"; };
		29A24F34277C8601009D31E3 /* Messenger.app */ = {isa = PBXFileReference; explicitFileType = wrapper.application; includeInIndex = 0; path = Messenger.app; sourceTree = BUILT_PRODUCTS_DIR; };
		29A24F37277C8601009D31E3 /* AppDelegate.swift */ = {isa = PBXFileReference; lastKnownFileType = sourcecode.swift; path = AppDelegate.swift; sourceTree = "<group>"; };
		29A24F39277C8601009D31E3 /* SceneDelegate.swift */ = {isa = PBXFileReference; lastKnownFileType = sourcecode.swift; path = SceneDelegate.swift; sourceTree = "<group>"; };
		29A24F3E277C8601009D31E3 /* Base */ = {isa = PBXFileReference; lastKnownFileType = file.storyboard; name = Base; path = Base.lproj/Main.storyboard; sourceTree = "<group>"; };
		29A24F41277C8601009D31E3 /* Messenger.xcdatamodel */ = {isa = PBXFileReference; lastKnownFileType = wrapper.xcdatamodel; path = Messenger.xcdatamodel; sourceTree = "<group>"; };
		29A24F43277C8603009D31E3 /* Assets.xcassets */ = {isa = PBXFileReference; lastKnownFileType = folder.assetcatalog; path = Assets.xcassets; sourceTree = "<group>"; };
		29A24F46277C8603009D31E3 /* Base */ = {isa = PBXFileReference; lastKnownFileType = file.storyboard; name = Base; path = Base.lproj/LaunchScreen.storyboard; sourceTree = "<group>"; };
		29A24F48277C8603009D31E3 /* Info.plist */ = {isa = PBXFileReference; lastKnownFileType = text.plist.xml; path = Info.plist; sourceTree = "<group>"; };
		29A24F5D277C8AD6009D31E3 /* ConversationViewController.swift */ = {isa = PBXFileReference; lastKnownFileType = sourcecode.swift; path = ConversationViewController.swift; sourceTree = "<group>"; };
		29A24F5F277C8AFE009D31E3 /* LoginViewController.swift */ = {isa = PBXFileReference; lastKnownFileType = sourcecode.swift; path = LoginViewController.swift; sourceTree = "<group>"; };
		29A24F61277C8B19009D31E3 /* RegisterViewController.swift */ = {isa = PBXFileReference; lastKnownFileType = sourcecode.swift; path = RegisterViewController.swift; sourceTree = "<group>"; };
		29A24F63277C8B3F009D31E3 /* NewConversationViewController.swift */ = {isa = PBXFileReference; lastKnownFileType = sourcecode.swift; path = NewConversationViewController.swift; sourceTree = "<group>"; };
		29A24F65277C8B7B009D31E3 /* ProfileViewController.swift */ = {isa = PBXFileReference; lastKnownFileType = sourcecode.swift; path = ProfileViewController.swift; sourceTree = "<group>"; };
		29A24F67277C8C79009D31E3 /* GoogleService-Info-2.plist */ = {isa = PBXFileReference; fileEncoding = 4; lastKnownFileType = text.plist.xml; path = "GoogleService-Info-2.plist"; sourceTree = "<group>"; };
		29A24F69277C9789009D31E3 /* GoogleService-Info.plist */ = {isa = PBXFileReference; fileEncoding = 4; lastKnownFileType = text.plist.xml; path = "GoogleService-Info.plist"; sourceTree = "<group>"; };
		29A24F6B277C9FEB009D31E3 /* PhotoViewerViewController.swift */ = {isa = PBXFileReference; lastKnownFileType = sourcecode.swift; path = PhotoViewerViewController.swift; sourceTree = "<group>"; };
		29A24F6D277CA01E009D31E3 /* VideoPlayerViewController.swift */ = {isa = PBXFileReference; lastKnownFileType = sourcecode.swift; path = VideoPlayerViewController.swift; sourceTree = "<group>"; };
		29A24F70277CAD1C009D31E3 /* Extensions.swift */ = {isa = PBXFileReference; lastKnownFileType = sourcecode.swift; path = Extensions.swift; sourceTree = "<group>"; };
		29A24F9A277DD7C7009D31E3 /* DatabaseManager.swift */ = {isa = PBXFileReference; lastKnownFileType = sourcecode.swift; path = DatabaseManager.swift; sourceTree = "<group>"; };
/* End PBXFileReference section */

/* Begin PBXFrameworksBuildPhase section */
		29A24F31277C8601009D31E3 /* Frameworks */ = {
			isa = PBXFrameworksBuildPhase;
			buildActionMask = 2147483647;
			files = (
				29A24F54277C86CC009D31E3 /* FirebaseDatabase in Frameworks */,
				29A24F56277C86CC009D31E3 /* FirebaseStorage in Frameworks */,
				29A24F50277C86CC009D31E3 /* FirebaseAnalytics in Frameworks */,
				296074B9277F5B1300933CCE /* SDWebImage in Frameworks */,
				29A24F52277C86CC009D31E3 /* FirebaseAuth in Frameworks */,
				296074B6277F48CD00933CCE /* JGProgressHUD in Frameworks */,
				296074B3277EA05100933CCE /* MessageKit in Frameworks */,
			);
			runOnlyForDeploymentPostprocessing = 0;
		};
/* End PBXFrameworksBuildPhase section */

/* Begin PBXGroup section */
		29A24F2B277C8601009D31E3 = {
			isa = PBXGroup;
			children = (
				29A24F36277C8601009D31E3 /* Messenger */,
				29A24F35277C8601009D31E3 /* Products */,
			);
			sourceTree = "<group>";
		};
		29A24F35277C8601009D31E3 /* Products */ = {
			isa = PBXGroup;
			children = (
				29A24F34277C8601009D31E3 /* Messenger.app */,
			);
			name = Products;
			sourceTree = "<group>";
		};
		29A24F36277C8601009D31E3 /* Messenger */ = {
			isa = PBXGroup;
			children = (
				29A24F6F277CA051009D31E3 /* ViewModels */,
				29A24F57277C88B4009D31E3 /* Resources */,
				29A24F58277C891C009D31E3 /* Models */,
				29A24F59277C894A009D31E3 /* Views */,
				29A24F5B277C89EC009D31E3 /* Controllers */,
				29A24F48277C8603009D31E3 /* Info.plist */,
				29A24F67277C8C79009D31E3 /* GoogleService-Info-2.plist */,
				29A24F69277C9789009D31E3 /* GoogleService-Info.plist */,
				29A24F40277C8601009D31E3 /* Messenger.xcdatamodeld */,
			);
			path = Messenger;
			sourceTree = "<group>";
		};
		29A24F57277C88B4009D31E3 /* Resources */ = {
			isa = PBXGroup;
			children = (
				29A24F37277C8601009D31E3 /* AppDelegate.swift */,
				29A24F39277C8601009D31E3 /* SceneDelegate.swift */,
				29A24F70277CAD1C009D31E3 /* Extensions.swift */,
				29A24F9A277DD7C7009D31E3 /* DatabaseManager.swift */,
				296074BC277F96B800933CCE /* StorageManager.swift */,
			);
			path = Resources;
			sourceTree = "<group>";
		};
		29A24F58277C891C009D31E3 /* Models */ = {
			isa = PBXGroup;
			children = (
			);
			path = Models;
			sourceTree = "<group>";
		};
		29A24F59277C894A009D31E3 /* Views */ = {
			isa = PBXGroup;
			children = (
				29A24F5A277C8996009D31E3 /* Storyboards */,
				29A24F43277C8603009D31E3 /* Assets.xcassets */,
				297BFE322782141F008F4E08 /* ConversationTableViewCell.swift */,
			);
			path = Views;
			sourceTree = "<group>";
		};
		29A24F5A277C8996009D31E3 /* Storyboards */ = {
			isa = PBXGroup;
			children = (
				29A24F3D277C8601009D31E3 /* Main.storyboard */,
				29A24F45277C8603009D31E3 /* LaunchScreen.storyboard */,
			);
			path = Storyboards;
			sourceTree = "<group>";
		};
		29A24F5B277C89EC009D31E3 /* Controllers */ = {
			isa = PBXGroup;
			children = (
				29A24F5D277C8AD6009D31E3 /* ConversationViewController.swift */,
				29A24F5C277C8A62009D31E3 /* LogReg */,
				29A24F63277C8B3F009D31E3 /* NewConversationViewController.swift */,
				29A24F65277C8B7B009D31E3 /* ProfileViewController.swift */,
				29A24F6B277C9FEB009D31E3 /* PhotoViewerViewController.swift */,
				29A24F6D277CA01E009D31E3 /* VideoPlayerViewController.swift */,
				296074BA277F618E00933CCE /* ChatViewController.swift */,
			);
			path = Controllers;
			sourceTree = "<group>";
		};
		29A24F5C277C8A62009D31E3 /* LogReg */ = {
			isa = PBXGroup;
			children = (
				29A24F5F277C8AFE009D31E3 /* LoginViewController.swift */,
				29A24F61277C8B19009D31E3 /* RegisterViewController.swift */,
			);
			path = LogReg;
			sourceTree = "<group>";
		};
		29A24F6F277CA051009D31E3 /* ViewModels */ = {
			isa = PBXGroup;
			children = (
			);
			path = ViewModels;
			sourceTree = "<group>";
		};
/* End PBXGroup section */

/* Begin PBXNativeTarget section */
		29A24F33277C8601009D31E3 /* Messenger */ = {
			isa = PBXNativeTarget;
			buildConfigurationList = 29A24F4B277C8603009D31E3 /* Build configuration list for PBXNativeTarget "Messenger" */;
			buildPhases = (
				29A24F30277C8601009D31E3 /* Sources */,
				29A24F31277C8601009D31E3 /* Frameworks */,
				29A24F32277C8601009D31E3 /* Resources */,
			);
			buildRules = (
			);
			dependencies = (
			);
			name = Messenger;
			packageProductDependencies = (
				29A24F4F277C86CC009D31E3 /* FirebaseAnalytics */,
				29A24F51277C86CC009D31E3 /* FirebaseAuth */,
				29A24F53277C86CC009D31E3 /* FirebaseDatabase */,
				29A24F55277C86CC009D31E3 /* FirebaseStorage */,
				296074B2277EA05100933CCE /* MessageKit */,
				296074B5277F48CD00933CCE /* JGProgressHUD */,
				296074B8277F5B1300933CCE /* SDWebImage */,
			);
			productName = Messenger;
			productReference = 29A24F34277C8601009D31E3 /* Messenger.app */;
			productType = "com.apple.product-type.application";
		};
/* End PBXNativeTarget section */

/* Begin PBXProject section */
		29A24F2C277C8601009D31E3 /* Project object */ = {
			isa = PBXProject;
			attributes = {
				BuildIndependentTargetsInParallel = 1;
				LastSwiftUpdateCheck = 1310;
				LastUpgradeCheck = 1310;
				TargetAttributes = {
					29A24F33277C8601009D31E3 = {
						CreatedOnToolsVersion = 13.1;
					};
				};
			};
			buildConfigurationList = 29A24F2F277C8601009D31E3 /* Build configuration list for PBXProject "Messenger" */;
			compatibilityVersion = "Xcode 13.0";
			developmentRegion = en;
			hasScannedForEncodings = 0;
			knownRegions = (
				en,
				Base,
			);
			mainGroup = 29A24F2B277C8601009D31E3;
			packageReferences = (
				29A24F4E277C86CC009D31E3 /* XCRemoteSwiftPackageReference "firebase-ios-sdk" */,
				296074B1277EA05000933CCE /* XCRemoteSwiftPackageReference "MessageKit" */,
				296074B4277F48CD00933CCE /* XCRemoteSwiftPackageReference "JGProgressHUD" */,
				296074B7277F5B1300933CCE /* XCRemoteSwiftPackageReference "SDWebImage" */,
			);
			productRefGroup = 29A24F35277C8601009D31E3 /* Products */;
			projectDirPath = "";
			projectRoot = "";
			targets = (
				29A24F33277C8601009D31E3 /* Messenger */,
			);
		};
/* End PBXProject section */

/* Begin PBXResourcesBuildPhase section */
		29A24F32277C8601009D31E3 /* Resources */ = {
			isa = PBXResourcesBuildPhase;
			buildActionMask = 2147483647;
			files = (
				29A24F47277C8603009D31E3 /* LaunchScreen.storyboard in Resources */,
				29A24F44277C8603009D31E3 /* Assets.xcassets in Resources */,
				29A24F6A277C9789009D31E3 /* GoogleService-Info.plist in Resources */,
				29A24F68277C8C79009D31E3 /* GoogleService-Info-2.plist in Resources */,
				29A24F3F277C8601009D31E3 /* Main.storyboard in Resources */,
			);
			runOnlyForDeploymentPostprocessing = 0;
		};
/* End PBXResourcesBuildPhase section */

/* Begin PBXSourcesBuildPhase section */
		29A24F30277C8601009D31E3 /* Sources */ = {
			isa = PBXSourcesBuildPhase;
			buildActionMask = 2147483647;
			files = (
				29A24F60277C8AFE009D31E3 /* LoginViewController.swift in Sources */,
				29A24F64277C8B3F009D31E3 /* NewConversationViewController.swift in Sources */,
				29A24F62277C8B19009D31E3 /* RegisterViewController.swift in Sources */,
				296074BD277F96B800933CCE /* StorageManager.swift in Sources */,
				29A24F38277C8601009D31E3 /* AppDelegate.swift in Sources */,
				29A24F5E277C8AD6009D31E3 /* ConversationViewController.swift in Sources */,
				29A24F66277C8B7B009D31E3 /* ProfileViewController.swift in Sources */,
				29A24F3A277C8601009D31E3 /* SceneDelegate.swift in Sources */,
				29A24F6E277CA01E009D31E3 /* VideoPlayerViewController.swift in Sources */,
				29A24F9B277DD7C7009D31E3 /* DatabaseManager.swift in Sources */,
				296074BB277F618F00933CCE /* ChatViewController.swift in Sources */,
				29A24F42277C8601009D31E3 /* Messenger.xcdatamodeld in Sources */,
				29A24F71277CAD1C009D31E3 /* Extensions.swift in Sources */,
				29A24F6C277C9FEB009D31E3 /* PhotoViewerViewController.swift in Sources */,
				297BFE332782141F008F4E08 /* ConversationTableViewCell.swift in Sources */,
			);
			runOnlyForDeploymentPostprocessing = 0;
		};
/* End PBXSourcesBuildPhase section */

/* Begin PBXVariantGroup section */
		29A24F3D277C8601009D31E3 /* Main.storyboard */ = {
			isa = PBXVariantGroup;
			children = (
				29A24F3E277C8601009D31E3 /* Base */,
			);
			name = Main.storyboard;
			sourceTree = "<group>";
		};
		29A24F45277C8603009D31E3 /* LaunchScreen.storyboard */ = {
			isa = PBXVariantGroup;
			children = (
				29A24F46277C8603009D31E3 /* Base */,
			);
			name = LaunchScreen.storyboard;
			sourceTree = "<group>";
		};
/* End PBXVariantGroup section */

/* Begin XCBuildConfiguration section */
		29A24F49277C8603009D31E3 /* Debug */ = {
			isa = XCBuildConfiguration;
			buildSettings = {
				ALWAYS_SEARCH_USER_PATHS = NO;
				CLANG_ANALYZER_NONNULL = YES;
				CLANG_ANALYZER_NUMBER_OBJECT_CONVERSION = YES_AGGRESSIVE;
				CLANG_CXX_LANGUAGE_STANDARD = "gnu++17";
				CLANG_CXX_LIBRARY = "libc++";
				CLANG_ENABLE_MODULES = YES;
				CLANG_ENABLE_OBJC_ARC = YES;
				CLANG_ENABLE_OBJC_WEAK = YES;
				CLANG_WARN_BLOCK_CAPTURE_AUTORELEASING = YES;
				CLANG_WARN_BOOL_CONVERSION = YES;
				CLANG_WARN_COMMA = YES;
				CLANG_WARN_CONSTANT_CONVERSION = YES;
				CLANG_WARN_DEPRECATED_OBJC_IMPLEMENTATIONS = YES;
				CLANG_WARN_DIRECT_OBJC_ISA_USAGE = YES_ERROR;
				CLANG_WARN_DOCUMENTATION_COMMENTS = YES;
				CLANG_WARN_EMPTY_BODY = YES;
				CLANG_WARN_ENUM_CONVERSION = YES;
				CLANG_WARN_INFINITE_RECURSION = YES;
				CLANG_WARN_INT_CONVERSION = YES;
				CLANG_WARN_NON_LITERAL_NULL_CONVERSION = YES;
				CLANG_WARN_OBJC_IMPLICIT_RETAIN_SELF = YES;
				CLANG_WARN_OBJC_LITERAL_CONVERSION = YES;
				CLANG_WARN_OBJC_ROOT_CLASS = YES_ERROR;
				CLANG_WARN_QUOTED_INCLUDE_IN_FRAMEWORK_HEADER = YES;
				CLANG_WARN_RANGE_LOOP_ANALYSIS = YES;
				CLANG_WARN_STRICT_PROTOTYPES = YES;
				CLANG_WARN_SUSPICIOUS_MOVE = YES;
				CLANG_WARN_UNGUARDED_AVAILABILITY = YES_AGGRESSIVE;
				CLANG_WARN_UNREACHABLE_CODE = YES;
				CLANG_WARN__DUPLICATE_METHOD_MATCH = YES;
				COPY_PHASE_STRIP = NO;
				DEBUG_INFORMATION_FORMAT = dwarf;
				ENABLE_STRICT_OBJC_MSGSEND = YES;
				ENABLE_TESTABILITY = YES;
				GCC_C_LANGUAGE_STANDARD = gnu11;
				GCC_DYNAMIC_NO_PIC = NO;
				GCC_NO_COMMON_BLOCKS = YES;
				GCC_OPTIMIZATION_LEVEL = 0;
				GCC_PREPROCESSOR_DEFINITIONS = (
					"DEBUG=1",
					"$(inherited)",
				);
				GCC_WARN_64_TO_32_BIT_CONVERSION = YES;
				GCC_WARN_ABOUT_RETURN_TYPE = YES_ERROR;
				GCC_WARN_UNDECLARED_SELECTOR = YES;
				GCC_WARN_UNINITIALIZED_AUTOS = YES_AGGRESSIVE;
				GCC_WARN_UNUSED_FUNCTION = YES;
				GCC_WARN_UNUSED_VARIABLE = YES;
				IPHONEOS_DEPLOYMENT_TARGET = 15.0;
				MTL_ENABLE_DEBUG_INFO = INCLUDE_SOURCE;
				MTL_FAST_MATH = YES;
				ONLY_ACTIVE_ARCH = YES;
				SDKROOT = iphoneos;
				SWIFT_ACTIVE_COMPILATION_CONDITIONS = DEBUG;
				SWIFT_OPTIMIZATION_LEVEL = "-Onone";
			};
			name = Debug;
		};
		29A24F4A277C8603009D31E3 /* Release */ = {
			isa = XCBuildConfiguration;
			buildSettings = {
				ALWAYS_SEARCH_USER_PATHS = NO;
				CLANG_ANALYZER_NONNULL = YES;
				CLANG_ANALYZER_NUMBER_OBJECT_CONVERSION = YES_AGGRESSIVE;
				CLANG_CXX_LANGUAGE_STANDARD = "gnu++17";
				CLANG_CXX_LIBRARY = "libc++";
				CLANG_ENABLE_MODULES = YES;
				CLANG_ENABLE_OBJC_ARC = YES;
				CLANG_ENABLE_OBJC_WEAK = YES;
				CLANG_WARN_BLOCK_CAPTURE_AUTORELEASING = YES;
				CLANG_WARN_BOOL_CONVERSION = YES;
				CLANG_WARN_COMMA = YES;
				CLANG_WARN_CONSTANT_CONVERSION = YES;
				CLANG_WARN_DEPRECATED_OBJC_IMPLEMENTATIONS = YES;
				CLANG_WARN_DIRECT_OBJC_ISA_USAGE = YES_ERROR;
				CLANG_WARN_DOCUMENTATION_COMMENTS = YES;
				CLANG_WARN_EMPTY_BODY = YES;
				CLANG_WARN_ENUM_CONVERSION = YES;
				CLANG_WARN_INFINITE_RECURSION = YES;
				CLANG_WARN_INT_CONVERSION = YES;
				CLANG_WARN_NON_LITERAL_NULL_CONVERSION = YES;
				CLANG_WARN_OBJC_IMPLICIT_RETAIN_SELF = YES;
				CLANG_WARN_OBJC_LITERAL_CONVERSION = YES;
				CLANG_WARN_OBJC_ROOT_CLASS = YES_ERROR;
				CLANG_WARN_QUOTED_INCLUDE_IN_FRAMEWORK_HEADER = YES;
				CLANG_WARN_RANGE_LOOP_ANALYSIS = YES;
				CLANG_WARN_STRICT_PROTOTYPES = YES;
				CLANG_WARN_SUSPICIOUS_MOVE = YES;
				CLANG_WARN_UNGUARDED_AVAILABILITY = YES_AGGRESSIVE;
				CLANG_WARN_UNREACHABLE_CODE = YES;
				CLANG_WARN__DUPLICATE_METHOD_MATCH = YES;
				COPY_PHASE_STRIP = NO;
				DEBUG_INFORMATION_FORMAT = "dwarf-with-dsym";
				ENABLE_NS_ASSERTIONS = NO;
				ENABLE_STRICT_OBJC_MSGSEND = YES;
				GCC_C_LANGUAGE_STANDARD = gnu11;
				GCC_NO_COMMON_BLOCKS = YES;
				GCC_WARN_64_TO_32_BIT_CONVERSION = YES;
				GCC_WARN_ABOUT_RETURN_TYPE = YES_ERROR;
				GCC_WARN_UNDECLARED_SELECTOR = YES;
				GCC_WARN_UNINITIALIZED_AUTOS = YES_AGGRESSIVE;
				GCC_WARN_UNUSED_FUNCTION = YES;
				GCC_WARN_UNUSED_VARIABLE = YES;
				IPHONEOS_DEPLOYMENT_TARGET = 15.0;
				MTL_ENABLE_DEBUG_INFO = NO;
				MTL_FAST_MATH = YES;
				SDKROOT = iphoneos;
				SWIFT_COMPILATION_MODE = wholemodule;
				SWIFT_OPTIMIZATION_LEVEL = "-O";
				VALIDATE_PRODUCT = YES;
			};
			name = Release;
		};
		29A24F4C277C8603009D31E3 /* Debug */ = {
			isa = XCBuildConfiguration;
			buildSettings = {
				ASSETCATALOG_COMPILER_APPICON_NAME = AppIcon;
				ASSETCATALOG_COMPILER_GLOBAL_ACCENT_COLOR_NAME = AccentColor;
				CODE_SIGN_STYLE = Automatic;
				CURRENT_PROJECT_VERSION = 1;
				GENERATE_INFOPLIST_FILE = YES;
				INFOPLIST_FILE = Messenger/Info.plist;
				INFOPLIST_KEY_UIApplicationSupportsIndirectInputEvents = YES;
				INFOPLIST_KEY_UILaunchStoryboardName = LaunchScreen;
				INFOPLIST_KEY_UIMainStoryboardFile = Main;
				INFOPLIST_KEY_UISupportedInterfaceOrientations = "";
				INFOPLIST_KEY_UISupportedInterfaceOrientations_iPad = "UIInterfaceOrientationPortrait UIInterfaceOrientationPortraitUpsideDown UIInterfaceOrientationLandscapeLeft UIInterfaceOrientationLandscapeRight";
				INFOPLIST_KEY_UISupportedInterfaceOrientations_iPhone = "UIInterfaceOrientationPortrait UIInterfaceOrientationLandscapeLeft UIInterfaceOrientationLandscapeRight";
				LD_RUNPATH_SEARCH_PATHS = (
					"$(inherited)",
					"@executable_path/Frameworks",
				);
				MARKETING_VERSION = 1.0;
				PRODUCT_BUNDLE_IDENTIFIER = Maha.Messenger;
				PRODUCT_NAME = "$(TARGET_NAME)";
				SWIFT_EMIT_LOC_STRINGS = YES;
				SWIFT_VERSION = 5.0;
				TARGETED_DEVICE_FAMILY = "1,2";
			};
			name = Debug;
		};
		29A24F4D277C8603009D31E3 /* Release */ = {
			isa = XCBuildConfiguration;
			buildSettings = {
				ASSETCATALOG_COMPILER_APPICON_NAME = AppIcon;
				ASSETCATALOG_COMPILER_GLOBAL_ACCENT_COLOR_NAME = AccentColor;
				CODE_SIGN_STYLE = Automatic;
				CURRENT_PROJECT_VERSION = 1;
				GENERATE_INFOPLIST_FILE = YES;
				INFOPLIST_FILE = Messenger/Info.plist;
				INFOPLIST_KEY_UIApplicationSupportsIndirectInputEvents = YES;
				INFOPLIST_KEY_UILaunchStoryboardName = LaunchScreen;
				INFOPLIST_KEY_UIMainStoryboardFile = Main;
				INFOPLIST_KEY_UISupportedInterfaceOrientations = "";
				INFOPLIST_KEY_UISupportedInterfaceOrientations_iPad = "UIInterfaceOrientationPortrait UIInterfaceOrientationPortraitUpsideDown UIInterfaceOrientationLandscapeLeft UIInterfaceOrientationLandscapeRight";
				INFOPLIST_KEY_UISupportedInterfaceOrientations_iPhone = "UIInterfaceOrientationPortrait UIInterfaceOrientationLandscapeLeft UIInterfaceOrientationLandscapeRight";
				LD_RUNPATH_SEARCH_PATHS = (
					"$(inherited)",
					"@executable_path/Frameworks",
				);
				MARKETING_VERSION = 1.0;
				PRODUCT_BUNDLE_IDENTIFIER = Maha.Messenger;
				PRODUCT_NAME = "$(TARGET_NAME)";
				SWIFT_EMIT_LOC_STRINGS = YES;
				SWIFT_VERSION = 5.0;
				TARGETED_DEVICE_FAMILY = "1,2";
			};
			name = Release;
		};
/* End XCBuildConfiguration section */

/* Begin XCConfigurationList section */
		29A24F2F277C8601009D31E3 /* Build configuration list for PBXProject "Messenger" */ = {
			isa = XCConfigurationList;
			buildConfigurations = (
				29A24F49277C8603009D31E3 /* Debug */,
				29A24F4A277C8603009D31E3 /* Release */,
			);
			defaultConfigurationIsVisible = 0;
			defaultConfigurationName = Release;
		};
		29A24F4B277C8603009D31E3 /* Build configuration list for PBXNativeTarget "Messenger" */ = {
			isa = XCConfigurationList;
			buildConfigurations = (
				29A24F4C277C8603009D31E3 /* Debug */,
				29A24F4D277C8603009D31E3 /* Release */,
			);
			defaultConfigurationIsVisible = 0;
			defaultConfigurationName = Release;
		};
/* End XCConfigurationList section */

/* Begin XCRemoteSwiftPackageReference section */
		296074B1277EA05000933CCE /* XCRemoteSwiftPackageReference "MessageKit" */ = {
			isa = XCRemoteSwiftPackageReference;
			repositoryURL = "https://github.com/MessageKit/MessageKit";
			requirement = {
				kind = upToNextMajorVersion;
				minimumVersion = 3.0.0;
			};
		};
		296074B4277F48CD00933CCE /* XCRemoteSwiftPackageReference "JGProgressHUD" */ = {
			isa = XCRemoteSwiftPackageReference;
			repositoryURL = "https://github.com/JonasGessner/JGProgressHUD.git";
			requirement = {
				kind = upToNextMajorVersion;
				minimumVersion = 2.0.0;
			};
		};
		296074B7277F5B1300933CCE /* XCRemoteSwiftPackageReference "SDWebImage" */ = {
			isa = XCRemoteSwiftPackageReference;
			repositoryURL = "https://github.com/SDWebImage/SDWebImage.git";
			requirement = {
				kind = upToNextMajorVersion;
				minimumVersion = 5.0.0;
			};
		};
		29A24F4E277C86CC009D31E3 /* XCRemoteSwiftPackageReference "firebase-ios-sdk" */ = {
			isa = XCRemoteSwiftPackageReference;
			repositoryURL = "https://github.com/firebase/firebase-ios-sdk";
			requirement = {
				branch = master;
				kind = branch;
			};
		};
/* End XCRemoteSwiftPackageReference section */

/* Begin XCSwiftPackageProductDependency section */
		296074B2277EA05100933CCE /* MessageKit */ = {
			isa = XCSwiftPackageProductDependency;
			package = 296074B1277EA05000933CCE /* XCRemoteSwiftPackageReference "MessageKit" */;
			productName = MessageKit;
		};
		296074B5277F48CD00933CCE /* JGProgressHUD */ = {
			isa = XCSwiftPackageProductDependency;
			package = 296074B4277F48CD00933CCE /* XCRemoteSwiftPackageReference "JGProgressHUD" */;
			productName = JGProgressHUD;
		};
		296074B8277F5B1300933CCE /* SDWebImage */ = {
			isa = XCSwiftPackageProductDependency;
			package = 296074B7277F5B1300933CCE /* XCRemoteSwiftPackageReference "SDWebImage" */;
			productName = SDWebImage;
		};
		29A24F4F277C86CC009D31E3 /* FirebaseAnalytics */ = {
			isa = XCSwiftPackageProductDependency;
			package = 29A24F4E277C86CC009D31E3 /* XCRemoteSwiftPackageReference "firebase-ios-sdk" */;
			productName = FirebaseAnalytics;
		};
		29A24F51277C86CC009D31E3 /* FirebaseAuth */ = {
			isa = XCSwiftPackageProductDependency;
			package = 29A24F4E277C86CC009D31E3 /* XCRemoteSwiftPackageReference "firebase-ios-sdk" */;
			productName = FirebaseAuth;
		};
		29A24F53277C86CC009D31E3 /* FirebaseDatabase */ = {
			isa = XCSwiftPackageProductDependency;
			package = 29A24F4E277C86CC009D31E3 /* XCRemoteSwiftPackageReference "firebase-ios-sdk" */;
			productName = FirebaseDatabase;
		};
		29A24F55277C86CC009D31E3 /* FirebaseStorage */ = {
			isa = XCSwiftPackageProductDependency;
			package = 29A24F4E277C86CC009D31E3 /* XCRemoteSwiftPackageReference "firebase-ios-sdk" */;
			productName = FirebaseStorage;
		};
/* End XCSwiftPackageProductDependency section */

/* Begin XCVersionGroup section */
		29A24F40277C8601009D31E3 /* Messenger.xcdatamodeld */ = {
			isa = XCVersionGroup;
			children = (
				29A24F41277C8601009D31E3 /* Messenger.xcdatamodel */,
			);
			currentVersion = 29A24F41277C8601009D31E3 /* Messenger.xcdatamodel */;
			path = Messenger.xcdatamodeld;
			sourceTree = "<group>";
			versionGroupType = wrapper.xcdatamodel;
		};
/* End XCVersionGroup section */
	};
	rootObject = 29A24F2C277C8601009D31E3 /* Project object */;
}
